// !$*UTF8*$!
{
   archiveVersion = "1";
   objectVersion = "46";
   objects = {
      "OBJ_1" = {
         isa = "PBXProject";
         attributes = {
            LastSwiftMigration = "9999";
            LastUpgradeCheck = "9999";
         };
         buildConfigurationList = "OBJ_2";
         compatibilityVersion = "Xcode 3.2";
         developmentRegion = "English";
         hasScannedForEncodings = "0";
         knownRegions = (
            "en"
         );
         mainGroup = "OBJ_5";
         productRefGroup = "OBJ_27";
         projectDirPath = ".";
         targets = (
            "Zip::Zip",
            "Zip::SwiftPMPackageDescription",
            "Zip::ZipPackageTests::ProductTarget",
            "Zip::ZipTests",
            "Zip::minizip"
         );
      };
      "OBJ_10" = {
         isa = "PBXFileReference";
         path = "QuickZip.swift";
         sourceTree = "<group>";
      };
      "OBJ_11" = {
         isa = "PBXFileReference";
         path = "Zip.swift";
         sourceTree = "<group>";
      };
      "OBJ_12" = {
         isa = "PBXFileReference";
         path = "ZipUtilities.swift";
         sourceTree = "<group>";
      };
      "OBJ_13" = {
         isa = "PBXGroup";
         children = (
            "OBJ_14",
            "OBJ_15",
            "OBJ_16",
            "OBJ_17"
         );
         name = "minizip";
         path = "Sources/minizip";
         sourceTree = "SOURCE_ROOT";
      };
      "OBJ_14" = {
         isa = "PBXFileReference";
         path = "ioapi.c";
         sourceTree = "<group>";
      };
      "OBJ_15" = {
         isa = "PBXFileReference";
         path = "unzip.c";
         sourceTree = "<group>";
      };
      "OBJ_16" = {
         isa = "PBXFileReference";
         path = "zip.c";
         sourceTree = "<group>";
      };
      "OBJ_17" = {
         isa = "PBXGroup";
         children = (
            "OBJ_18",
            "OBJ_19",
            "OBJ_20",
            "OBJ_21",
            "OBJ_22",
            "OBJ_23"
         );
         name = "include";
         path = "include";
         sourceTree = "<group>";
      };
      "OBJ_18" = {
         isa = "PBXFileReference";
         path = "minizip.h";
         sourceTree = "<group>";
      };
      "OBJ_19" = {
         isa = "PBXFileReference";
         path = "crypt.h";
         sourceTree = "<group>";
      };
      "OBJ_2" = {
         isa = "XCConfigurationList";
         buildConfigurations = (
            "OBJ_3",
            "OBJ_4"
         );
         defaultConfigurationIsVisible = "0";
         defaultConfigurationName = "Release";
      };
      "OBJ_20" = {
         isa = "PBXFileReference";
         path = "zip.h";
         sourceTree = "<group>";
      };
      "OBJ_21" = {
         isa = "PBXFileReference";
         path = "unzip.h";
         sourceTree = "<group>";
      };
      "OBJ_22" = {
         isa = "PBXFileReference";
         path = "ioapi.h";
         sourceTree = "<group>";
      };
      "OBJ_23" = {
         isa = "PBXFileReference";
         name = "module.modulemap";
         path = "/Users/adamfowler/Documents/dev/macOS/lib/Zip/Sources/minizip/include/module.modulemap";
         sourceTree = "<group>";
      };
      "OBJ_24" = {
         isa = "PBXGroup";
         children = (
            "OBJ_25"
         );
         name = "Tests";
         path = "";
         sourceTree = "SOURCE_ROOT";
      };
      "OBJ_25" = {
         isa = "PBXGroup";
         children = (
            "OBJ_26"
         );
         name = "ZipTests";
         path = "ZipTests";
         sourceTree = "SOURCE_ROOT";
      };
      "OBJ_26" = {
         isa = "PBXFileReference";
         path = "ZipTests.swift";
         sourceTree = "<group>";
      };
      "OBJ_27" = {
         isa = "PBXGroup";
         children = (
            "Zip::ZipTests::Product",
            "Zip::Zip::Product",
            "Zip::minizip::Product"
         );
         name = "Products";
         path = "";
         sourceTree = "BUILT_PRODUCTS_DIR";
      };
      "OBJ_3" = {
         isa = "XCBuildConfiguration";
         buildSettings = {
            CLANG_ENABLE_OBJC_ARC = "YES";
            COMBINE_HIDPI_IMAGES = "YES";
            COPY_PHASE_STRIP = "NO";
            DEBUG_INFORMATION_FORMAT = "dwarf";
            DYLIB_INSTALL_NAME_BASE = "@rpath";
            ENABLE_NS_ASSERTIONS = "YES";
            GCC_OPTIMIZATION_LEVEL = "0";
            GCC_PREPROCESSOR_DEFINITIONS = (
               "$(inherited)",
               "SWIFT_PACKAGE=1",
               "DEBUG=1"
            );
            MACOSX_DEPLOYMENT_TARGET = "10.10";
            ONLY_ACTIVE_ARCH = "YES";
            OTHER_SWIFT_FLAGS = (
               "-DXcode"
            );
            PRODUCT_NAME = "$(TARGET_NAME)";
            SDKROOT = "macosx";
            SUPPORTED_PLATFORMS = (
               "macosx",
               "iphoneos",
               "iphonesimulator",
               "appletvos",
               "appletvsimulator",
               "watchos",
               "watchsimulator"
            );
            SWIFT_ACTIVE_COMPILATION_CONDITIONS = (
               "$(inherited)",
               "SWIFT_PACKAGE",
               "DEBUG"
            );
            SWIFT_OPTIMIZATION_LEVEL = "-Onone";
            USE_HEADERMAP = "NO";
         };
         name = "Debug";
      };
      "OBJ_31" = {
         isa = "PBXFileReference";
         path = "ZipTests";
         sourceTree = "SOURCE_ROOT";
      };
      "OBJ_32" = {
         isa = "PBXFileReference";
         path = "examples";
         sourceTree = "SOURCE_ROOT";
      };
      "OBJ_33" = {
         isa = "PBXFileReference";
         path = "LICENSE";
         sourceTree = "<group>";
      };
      "OBJ_34" = {
         isa = "PBXFileReference";
         path = "CHANGELOG.md";
         sourceTree = "<group>";
      };
      "OBJ_35" = {
         isa = "PBXFileReference";
         path = "README.md";
         sourceTree = "<group>";
      };
      "OBJ_36" = {
         isa = "PBXFileReference";
         path = "build.sh";
         sourceTree = "<group>";
      };
      "OBJ_37" = {
         isa = "PBXFileReference";
         path = "Zip.podspec";
         sourceTree = "<group>";
      };
      "OBJ_39" = {
         isa = "XCConfigurationList";
         buildConfigurations = (
            "OBJ_40",
            "OBJ_41"
         );
         defaultConfigurationIsVisible = "0";
         defaultConfigurationName = "Release";
      };
      "OBJ_4" = {
         isa = "XCBuildConfiguration";
         buildSettings = {
            CLANG_ENABLE_OBJC_ARC = "YES";
            COMBINE_HIDPI_IMAGES = "YES";
            COPY_PHASE_STRIP = "YES";
            DEBUG_INFORMATION_FORMAT = "dwarf-with-dsym";
            DYLIB_INSTALL_NAME_BASE = "@rpath";
            GCC_OPTIMIZATION_LEVEL = "s";
            GCC_PREPROCESSOR_DEFINITIONS = (
               "$(inherited)",
               "SWIFT_PACKAGE=1"
            );
            MACOSX_DEPLOYMENT_TARGET = "10.10";
            OTHER_SWIFT_FLAGS = (
               "-DXcode"
            );
            PRODUCT_NAME = "$(TARGET_NAME)";
            SDKROOT = "macosx";
            SUPPORTED_PLATFORMS = (
               "macosx",
               "iphoneos",
               "iphonesimulator",
               "appletvos",
               "appletvsimulator",
               "watchos",
               "watchsimulator"
            );
            SWIFT_ACTIVE_COMPILATION_CONDITIONS = (
               "$(inherited)",
               "SWIFT_PACKAGE"
            );
            SWIFT_OPTIMIZATION_LEVEL = "-Owholemodule";
            USE_HEADERMAP = "NO";
         };
         name = "Release";
      };
      "OBJ_40" = {
         isa = "XCBuildConfiguration";
         buildSettings = {
            ENABLE_TESTABILITY = "YES";
            FRAMEWORK_SEARCH_PATHS = (
               "$(inherited)",
               "$(PLATFORM_DIR)/Developer/Library/Frameworks"
            );
            HEADER_SEARCH_PATHS = (
               "$(inherited)",
               "$(SRCROOT)/Sources/minizip/include"
            );
            INFOPLIST_FILE = "Zip.xcodeproj/Zip_Info.plist";
            IPHONEOS_DEPLOYMENT_TARGET = "8.0";
            LD_RUNPATH_SEARCH_PATHS = (
               "$(inherited)",
               "$(TOOLCHAIN_DIR)/usr/lib/swift/macosx"
            );
            MACOSX_DEPLOYMENT_TARGET = "10.10";
            OTHER_CFLAGS = (
               "$(inherited)"
            );
            OTHER_LDFLAGS = (
               "$(inherited)"
            );
            OTHER_SWIFT_FLAGS = (
               "$(inherited)",
               "-Xcc",
               "-fmodule-map-file=$(SRCROOT)/Sources/minizip/include/module.modulemap"
            );
            PRODUCT_BUNDLE_IDENTIFIER = "Zip";
            PRODUCT_MODULE_NAME = "$(TARGET_NAME:c99extidentifier)";
            PRODUCT_NAME = "$(TARGET_NAME:c99extidentifier)";
            SKIP_INSTALL = "YES";
            SWIFT_ACTIVE_COMPILATION_CONDITIONS = (
               "$(inherited)"
            );
            SWIFT_VERSION = "5.0";
            TARGET_NAME = "Zip";
            TVOS_DEPLOYMENT_TARGET = "9.0";
            WATCHOS_DEPLOYMENT_TARGET = "2.0";
         };
         name = "Debug";
      };
      "OBJ_41" = {
         isa = "XCBuildConfiguration";
         buildSettings = {
            ENABLE_TESTABILITY = "YES";
            FRAMEWORK_SEARCH_PATHS = (
               "$(inherited)",
               "$(PLATFORM_DIR)/Developer/Library/Frameworks"
            );
            HEADER_SEARCH_PATHS = (
               "$(inherited)",
               "$(SRCROOT)/Sources/minizip/include"
            );
            INFOPLIST_FILE = "Zip.xcodeproj/Zip_Info.plist";
            IPHONEOS_DEPLOYMENT_TARGET = "8.0";
            LD_RUNPATH_SEARCH_PATHS = (
               "$(inherited)",
               "$(TOOLCHAIN_DIR)/usr/lib/swift/macosx"
            );
            MACOSX_DEPLOYMENT_TARGET = "10.10";
            OTHER_CFLAGS = (
               "$(inherited)"
            );
            OTHER_LDFLAGS = (
               "$(inherited)"
            );
            OTHER_SWIFT_FLAGS = (
               "$(inherited)",
               "-Xcc",
               "-fmodule-map-file=$(SRCROOT)/Sources/minizip/include/module.modulemap"
            );
            PRODUCT_BUNDLE_IDENTIFIER = "Zip";
            PRODUCT_MODULE_NAME = "$(TARGET_NAME:c99extidentifier)";
            PRODUCT_NAME = "$(TARGET_NAME:c99extidentifier)";
            SKIP_INSTALL = "YES";
            SWIFT_ACTIVE_COMPILATION_CONDITIONS = (
               "$(inherited)"
            );
            SWIFT_VERSION = "5.0";
            TARGET_NAME = "Zip";
            TVOS_DEPLOYMENT_TARGET = "9.0";
            WATCHOS_DEPLOYMENT_TARGET = "2.0";
         };
         name = "Release";
      };
      "OBJ_42" = {
         isa = "PBXSourcesBuildPhase";
         files = (
            "OBJ_43",
            "OBJ_44",
            "OBJ_45"
         );
      };
      "OBJ_43" = {
         isa = "PBXBuildFile";
         fileRef = "OBJ_10";
      };
      "OBJ_44" = {
         isa = "PBXBuildFile";
         fileRef = "OBJ_11";
      };
      "OBJ_45" = {
         isa = "PBXBuildFile";
         fileRef = "OBJ_12";
      };
      "OBJ_46" = {
         isa = "PBXFrameworksBuildPhase";
         files = (
            "OBJ_47"
         );
      };
      "OBJ_47" = {
         isa = "PBXBuildFile";
         fileRef = "Zip::minizip::Product";
      };
      "OBJ_48" = {
         isa = "PBXTargetDependency";
         target = "Zip::minizip";
      };
      "OBJ_5" = {
         isa = "PBXGroup";
         children = (
            "OBJ_6",
            "OBJ_7",
            "OBJ_24",
            "OBJ_27",
            "OBJ_31",
            "OBJ_32",
            "OBJ_33",
            "OBJ_34",
            "OBJ_35",
            "OBJ_36",
            "OBJ_37"
         );
         path = "";
         sourceTree = "<group>";
      };
      "OBJ_51" = {
         isa = "XCConfigurationList";
         buildConfigurations = (
            "OBJ_52",
            "OBJ_53"
         );
         defaultConfigurationIsVisible = "0";
         defaultConfigurationName = "Release";
      };
      "OBJ_52" = {
         isa = "XCBuildConfiguration";
         buildSettings = {
            LD = "/usr/bin/true";
            OTHER_SWIFT_FLAGS = (
               "-swift-version",
               "5",
               "-I",
               "$(TOOLCHAIN_DIR)/usr/lib/swift/pm/4_2",
               "-target",
               "x86_64-apple-macosx10.10",
               "-sdk",
               "/Applications/Xcode.app/Contents/Developer/Platforms/MacOSX.platform/Developer/SDKs/MacOSX10.14.sdk"
            );
            SWIFT_VERSION = "5.0";
         };
         name = "Debug";
      };
      "OBJ_53" = {
         isa = "XCBuildConfiguration";
         buildSettings = {
            LD = "/usr/bin/true";
            OTHER_SWIFT_FLAGS = (
               "-swift-version",
               "5",
               "-I",
               "$(TOOLCHAIN_DIR)/usr/lib/swift/pm/4_2",
               "-target",
               "x86_64-apple-macosx10.10",
               "-sdk",
               "/Applications/Xcode.app/Contents/Developer/Platforms/MacOSX.platform/Developer/SDKs/MacOSX10.14.sdk"
            );
            SWIFT_VERSION = "5.0";
         };
         name = "Release";
      };
      "OBJ_54" = {
         isa = "PBXSourcesBuildPhase";
         files = (
            "OBJ_55"
         );
      };
      "OBJ_55" = {
         isa = "PBXBuildFile";
         fileRef = "OBJ_6";
      };
      "OBJ_57" = {
         isa = "XCConfigurationList";
         buildConfigurations = (
            "OBJ_58",
            "OBJ_59"
         );
         defaultConfigurationIsVisible = "0";
         defaultConfigurationName = "Release";
      };
      "OBJ_58" = {
         isa = "XCBuildConfiguration";
         buildSettings = {
         };
         name = "Debug";
      };
      "OBJ_59" = {
         isa = "XCBuildConfiguration";
         buildSettings = {
         };
         name = "Release";
      };
      "OBJ_6" = {
         isa = "PBXFileReference";
         explicitFileType = "sourcecode.swift";
         path = "Package.swift";
         sourceTree = "<group>";
      };
      "OBJ_60" = {
         isa = "PBXTargetDependency";
         target = "Zip::ZipTests";
      };
      "OBJ_62" = {
         isa = "XCConfigurationList";
         buildConfigurations = (
            "OBJ_63",
            "OBJ_64"
         );
         defaultConfigurationIsVisible = "0";
         defaultConfigurationName = "Release";
      };
      "OBJ_63" = {
         isa = "XCBuildConfiguration";
         buildSettings = {
            CLANG_ENABLE_MODULES = "YES";
            EMBEDDED_CONTENT_CONTAINS_SWIFT = "YES";
            FRAMEWORK_SEARCH_PATHS = (
               "$(inherited)",
               "$(PLATFORM_DIR)/Developer/Library/Frameworks"
            );
            HEADER_SEARCH_PATHS = (
               "$(inherited)",
               "$(SRCROOT)/Sources/minizip/include"
            );
            INFOPLIST_FILE = "Zip.xcodeproj/ZipTests_Info.plist";
            IPHONEOS_DEPLOYMENT_TARGET = "8.0";
            LD_RUNPATH_SEARCH_PATHS = (
               "$(inherited)",
               "@loader_path/../Frameworks",
               "@loader_path/Frameworks"
            );
            MACOSX_DEPLOYMENT_TARGET = "10.10";
            OTHER_CFLAGS = (
               "$(inherited)"
            );
            OTHER_LDFLAGS = (
               "$(inherited)"
            );
            OTHER_SWIFT_FLAGS = (
               "$(inherited)",
               "-Xcc",
               "-fmodule-map-file=$(SRCROOT)/Sources/minizip/include/module.modulemap"
            );
            SWIFT_ACTIVE_COMPILATION_CONDITIONS = (
               "$(inherited)"
            );
            SWIFT_VERSION = "5.0";
            TARGET_NAME = "ZipTests";
            TVOS_DEPLOYMENT_TARGET = "9.0";
            WATCHOS_DEPLOYMENT_TARGET = "2.0";
         };
         name = "Debug";
      };
      "OBJ_64" = {
         isa = "XCBuildConfiguration";
         buildSettings = {
            CLANG_ENABLE_MODULES = "YES";
            EMBEDDED_CONTENT_CONTAINS_SWIFT = "YES";
            FRAMEWORK_SEARCH_PATHS = (
               "$(inherited)",
               "$(PLATFORM_DIR)/Developer/Library/Frameworks"
            );
            HEADER_SEARCH_PATHS = (
               "$(inherited)",
               "$(SRCROOT)/Sources/minizip/include"
            );
            INFOPLIST_FILE = "Zip.xcodeproj/ZipTests_Info.plist";
            IPHONEOS_DEPLOYMENT_TARGET = "8.0";
            LD_RUNPATH_SEARCH_PATHS = (
               "$(inherited)",
               "@loader_path/../Frameworks",
               "@loader_path/Frameworks"
            );
            MACOSX_DEPLOYMENT_TARGET = "10.10";
            OTHER_CFLAGS = (
               "$(inherited)"
            );
            OTHER_LDFLAGS = (
               "$(inherited)"
            );
            OTHER_SWIFT_FLAGS = (
               "$(inherited)",
               "-Xcc",
               "-fmodule-map-file=$(SRCROOT)/Sources/minizip/include/module.modulemap"
            );
            SWIFT_ACTIVE_COMPILATION_CONDITIONS = (
               "$(inherited)"
            );
            SWIFT_VERSION = "5.0";
            TARGET_NAME = "ZipTests";
            TVOS_DEPLOYMENT_TARGET = "9.0";
            WATCHOS_DEPLOYMENT_TARGET = "2.0";
         };
         name = "Release";
      };
      "OBJ_65" = {
         isa = "PBXSourcesBuildPhase";
         files = (
            "OBJ_66"
         );
      };
      "OBJ_66" = {
         isa = "PBXBuildFile";
         fileRef = "OBJ_26";
      };
      "OBJ_67" = {
         isa = "PBXFrameworksBuildPhase";
         files = (
            "OBJ_68",
            "OBJ_69"
         );
      };
      "OBJ_68" = {
         isa = "PBXBuildFile";
         fileRef = "Zip::Zip::Product";
      };
      "OBJ_69" = {
         isa = "PBXBuildFile";
         fileRef = "Zip::minizip::Product";
      };
      "OBJ_7" = {
         isa = "PBXGroup";
         children = (
            "OBJ_8",
            "OBJ_13"
         );
         name = "Sources";
         path = "";
         sourceTree = "SOURCE_ROOT";
      };
      "OBJ_70" = {
         isa = "PBXTargetDependency";
         target = "Zip::Zip";
      };
      "OBJ_71" = {
         isa = "PBXTargetDependency";
         target = "Zip::minizip";
      };
      "OBJ_72" = {
         isa = "XCConfigurationList";
         buildConfigurations = (
            "OBJ_73",
            "OBJ_74"
         );
         defaultConfigurationIsVisible = "0";
         defaultConfigurationName = "Release";
      };
      "OBJ_73" = {
         isa = "XCBuildConfiguration";
         buildSettings = {
            DEFINES_MODULE = "NO";
            ENABLE_TESTABILITY = "YES";
            FRAMEWORK_SEARCH_PATHS = (
               "$(inherited)",
               "$(PLATFORM_DIR)/Developer/Library/Frameworks"
            );
            HEADER_SEARCH_PATHS = (
               "$(inherited)",
               "$(SRCROOT)/Sources/minizip/include"
            );
            INFOPLIST_FILE = "Zip.xcodeproj/minizip_Info.plist";
            IPHONEOS_DEPLOYMENT_TARGET = "8.0";
            LD_RUNPATH_SEARCH_PATHS = (
               "$(inherited)",
               "$(TOOLCHAIN_DIR)/usr/lib/swift/macosx"
            );
            MACOSX_DEPLOYMENT_TARGET = "10.10";
            OTHER_CFLAGS = (
               "$(inherited)"
            );
            OTHER_LDFLAGS = (
               "$(inherited)",
               "-lz"
            );
            OTHER_SWIFT_FLAGS = (
               "$(inherited)"
            );
            PRODUCT_BUNDLE_IDENTIFIER = "minizip";
            PRODUCT_MODULE_NAME = "$(TARGET_NAME:c99extidentifier)";
            PRODUCT_NAME = "$(TARGET_NAME:c99extidentifier)";
            SKIP_INSTALL = "YES";
            SWIFT_ACTIVE_COMPILATION_CONDITIONS = (
               "$(inherited)"
            );
            TARGET_NAME = "minizip";
            TVOS_DEPLOYMENT_TARGET = "9.0";
            WATCHOS_DEPLOYMENT_TARGET = "2.0";
         };
         name = "Debug";
      };
      "OBJ_74" = {
         isa = "XCBuildConfiguration";
         buildSettings = {
            DEFINES_MODULE = "NO";
            ENABLE_TESTABILITY = "YES";
            FRAMEWORK_SEARCH_PATHS = (
               "$(inherited)",
               "$(PLATFORM_DIR)/Developer/Library/Frameworks"
            );
            HEADER_SEARCH_PATHS = (
               "$(inherited)",
               "$(SRCROOT)/Sources/minizip/include"
            );
            INFOPLIST_FILE = "Zip.xcodeproj/minizip_Info.plist";
            IPHONEOS_DEPLOYMENT_TARGET = "8.0";
            LD_RUNPATH_SEARCH_PATHS = (
               "$(inherited)",
               "$(TOOLCHAIN_DIR)/usr/lib/swift/macosx"
            );
            MACOSX_DEPLOYMENT_TARGET = "10.10";
            OTHER_CFLAGS = (
               "$(inherited)"
            );
            OTHER_LDFLAGS = (
               "$(inherited)",
               "-lz"
            );
            OTHER_SWIFT_FLAGS = (
               "$(inherited)"
            );
            PRODUCT_BUNDLE_IDENTIFIER = "minizip";
            PRODUCT_MODULE_NAME = "$(TARGET_NAME:c99extidentifier)";
            PRODUCT_NAME = "$(TARGET_NAME:c99extidentifier)";
            SKIP_INSTALL = "YES";
            SWIFT_ACTIVE_COMPILATION_CONDITIONS = (
               "$(inherited)"
            );
            TARGET_NAME = "minizip";
            TVOS_DEPLOYMENT_TARGET = "9.0";
            WATCHOS_DEPLOYMENT_TARGET = "2.0";
         };
         name = "Release";
      };
      "OBJ_75" = {
         isa = "PBXSourcesBuildPhase";
         files = (
            "OBJ_76",
            "OBJ_77",
            "OBJ_78"
         );
      };
      "OBJ_76" = {
         isa = "PBXBuildFile";
         fileRef = "OBJ_14";
      };
      "OBJ_77" = {
         isa = "PBXBuildFile";
         fileRef = "OBJ_15";
      };
      "OBJ_78" = {
         isa = "PBXBuildFile";
         fileRef = "OBJ_16";
      };
      "OBJ_79" = {
         isa = "PBXFrameworksBuildPhase";
         files = (
         );
      };
      "OBJ_8" = {
         isa = "PBXGroup";
         children = (
            "OBJ_9",
            "OBJ_10",
            "OBJ_11",
            "OBJ_12"
         );
         name = "Zip";
         path = "Sources/Zip";
         sourceTree = "SOURCE_ROOT";
      };
      "OBJ_9" = {
         isa = "PBXFileReference";
         path = "Zip.h";
         sourceTree = "<group>";
      };
      "Zip::SwiftPMPackageDescription" = {
         isa = "PBXNativeTarget";
         buildConfigurationList = "OBJ_51";
         buildPhases = (
            "OBJ_54"
         );
         dependencies = (
         );
         name = "ZipPackageDescription";
         productName = "ZipPackageDescription";
         productType = "com.apple.product-type.framework";
      };
      "Zip::Zip" = {
         isa = "PBXNativeTarget";
         buildConfigurationList = "OBJ_39";
         buildPhases = (
            "OBJ_42",
            "OBJ_46"
         );
         dependencies = (
            "OBJ_48"
         );
         name = "Zip";
         productName = "Zip";
         productReference = "Zip::Zip::Product";
         productType = "com.apple.product-type.framework";
      };
      "Zip::Zip::Product" = {
         isa = "PBXFileReference";
         path = "Zip.framework";
         sourceTree = "BUILT_PRODUCTS_DIR";
      };
      "Zip::ZipPackageTests::ProductTarget" = {
         isa = "PBXAggregateTarget";
         buildConfigurationList = "OBJ_57";
         buildPhases = (
         );
         dependencies = (
            "OBJ_60"
         );
         name = "ZipPackageTests";
         productName = "ZipPackageTests";
      };
      "Zip::ZipTests" = {
         isa = "PBXNativeTarget";
         buildConfigurationList = "OBJ_62";
         buildPhases = (
            "OBJ_65",
            "OBJ_67"
         );
         dependencies = (
            "OBJ_70",
            "OBJ_71"
         );
         name = "ZipTests";
         productName = "ZipTests";
         productReference = "Zip::ZipTests::Product";
         productType = "com.apple.product-type.bundle.unit-test";
      };
      "Zip::ZipTests::Product" = {
         isa = "PBXFileReference";
         path = "ZipTests.xctest";
         sourceTree = "BUILT_PRODUCTS_DIR";
      };
      "Zip::minizip" = {
         isa = "PBXNativeTarget";
         buildConfigurationList = "OBJ_72";
         buildPhases = (
            "OBJ_75",
            "OBJ_79"
         );
         dependencies = (
         );
         name = "minizip";
         productName = "minizip";
         productReference = "Zip::minizip::Product";
         productType = "com.apple.product-type.framework";
      };
      "Zip::minizip::Product" = {
         isa = "PBXFileReference";
         path = "minizip.framework";
         sourceTree = "BUILT_PRODUCTS_DIR";
      };
   };
   rootObject = "OBJ_1";
}
